
Microsoft Visual Studio Solution File, Format Version 12.00
# Visual Studio Version 16
VisualStudioVersion = 16.0.30907.101
MinimumVisualStudioVersion = 10.0.40219.1
Project("{9A19103F-16F7-4668-BE54-9A1E7A4F7556}") = "KampIntro", "KampIntro\KampIntro.csproj", "{2D44EF2D-3388-4670-B550-69C576DAC7A2}"
EndProject
Project("{9A19103F-16F7-4668-BE54-9A1E7A4F7556}") = "Homework", "Homework\Homework.csproj", "{3BB0398D-F320-4175-BEC2-4162F910749E}"
EndProject
Project("{9A19103F-16F7-4668-BE54-9A1E7A4F7556}") = "donguler", "donguler\donguler.csproj", "{11623FA7-DAA1-41A6-AEE6-004BAF453852}"
EndProject
Project("{9A19103F-16F7-4668-BE54-9A1E7A4F7556}") = "Classİntro", "Classİntro\Classİntro.csproj", "{08AE15EF-7F56-47A0-A931-E9F9B5880C89}"
EndProject
Project("{9A19103F-16F7-4668-BE54-9A1E7A4F7556}") = "Metotlar", "Metotlar\Metotlar.csproj", "{A9D7B2A7-AE96-4D8E-96BC-FEE510318631}"
EndProject
Project("{9A19103F-16F7-4668-BE54-9A1E7A4F7556}") = "DegerVeReferansTipler", "DegerVeReferansTipler\DegerVeReferansTipler.csproj", "{9AAB3553-3E5D-4CDE-ABCA-0104744AADCC}"
EndProject
Project("{9A19103F-16F7-4668-BE54-9A1E7A4F7556}") = "ClassMetotDemo", "ClassMetotDemo\ClassMetotDemo.csproj", "{103E50FB-B385-4B79-B5EF-B6E8BBFD6348}"
EndProject
Global
	GlobalSection(SolutionConfigurationPlatforms) = preSolution
		Debug|Any CPU = Debug|Any CPU
		Release|Any CPU = Release|Any CPU
	EndGlobalSection
	GlobalSection(ProjectConfigurationPlatforms) = postSolution
		{2D44EF2D-3388-4670-B550-69C576DAC7A2}.Debug|Any CPU.ActiveCfg = Debug|Any CPU
		{2D44EF2D-3388-4670-B550-69C576DAC7A2}.Debug|Any CPU.Build.0 = Debug|Any CPU
		{2D44EF2D-3388-4670-B550-69C576DAC7A2}.Release|Any CPU.ActiveCfg = Release|Any CPU
		{2D44EF2D-3388-4670-B550-69C576DAC7A2}.Release|Any CPU.Build.0 = Release|Any CPU
		{3BB0398D-F320-4175-BEC2-4162F910749E}.Debug|Any CPU.ActiveCfg = Debug|Any CPU
		{3BB0398D-F320-4175-BEC2-4162F910749E}.Debug|Any CPU.Build.0 = Debug|Any CPU
		{3BB0398D-F320-4175-BEC2-4162F910749E}.Release|Any CPU.ActiveCfg = Release|Any CPU
		{3BB0398D-F320-4175-BEC2-4162F910749E}.Release|Any CPU.Build.0 = Release|Any CPU
		{11623FA7-DAA1-41A6-AEE6-004BAF453852}.Debug|Any CPU.ActiveCfg = Debug|Any CPU
		{11623FA7-DAA1-41A6-AEE6-004BAF453852}.Debug|Any CPU.Build.0 = Debug|Any CPU
		{11623FA7-DAA1-41A6-AEE6-004BAF453852}.Release|Any CPU.ActiveCfg = Release|Any CPU
		{11623FA7-DAA1-41A6-AEE6-004BAF453852}.Release|Any CPU.Build.0 = Release|Any CPU
		{08AE15EF-7F56-47A0-A931-E9F9B5880C89}.Debug|Any CPU.ActiveCfg = Debug|Any CPU
		{08AE15EF-7F56-47A0-A931-E9F9B5880C89}.Debug|Any CPU.Build.0 = Debug|Any CPU
		{08AE15EF-7F56-47A0-A931-E9F9B5880C89}.Release|Any CPU.ActiveCfg = Release|Any CPU
		{08AE15EF-7F56-47A0-A931-E9F9B5880C89}.Release|Any CPU.Build.0 = Release|Any CPU
		{A9D7B2A7-AE96-4D8E-96BC-FEE510318631}.Debug|Any CPU.ActiveCfg = Debug|Any CPU
		{A9D7B2A7-AE96-4D8E-96BC-FEE510318631}.Debug|Any CPU.Build.0 = Debug|Any CPU
		{A9D7B2A7-AE96-4D8E-96BC-FEE510318631}.Release|Any CPU.ActiveCfg = Release|Any CPU
		{A9D7B2A7-AE96-4D8E-96BC-FEE510318631}.Release|Any CPU.Build.0 = Release|Any CPU
		{9AAB3553-3E5D-4CDE-ABCA-0104744AADCC}.Debug|Any CPU.ActiveCfg = Debug|Any CPU
		{9AAB3553-3E5D-4CDE-ABCA-0104744AADCC}.Debug|Any CPU.Build.0 = Debug|Any CPU
		{9AAB3553-3E5D-4CDE-ABCA-0104744AADCC}.Release|Any CPU.ActiveCfg = Release|Any CPU
		{9AAB3553-3E5D-4CDE-ABCA-0104744AADCC}.Release|Any CPU.Build.0 = Release|Any CPU
		{103E50FB-B385-4B79-B5EF-B6E8BBFD6348}.Debug|Any CPU.ActiveCfg = Debug|Any CPU
		{103E50FB-B385-4B79-B5EF-B6E8BBFD6348}.Debug|Any CPU.Build.0 = Debug|Any CPU
		{103E50FB-B385-4B79-B5EF-B6E8BBFD6348}.Release|Any CPU.ActiveCfg = Release|Any CPU
		{103E50FB-B385-4B79-B5EF-B6E8BBFD6348}.Release|Any CPU.Build.0 = Release|Any CPU
	EndGlobalSection
	GlobalSection(SolutionProperties) = preSolution
		HideSolutionNode = FALSE
	EndGlobalSection
	GlobalSection(ExtensibilityGlobals) = postSolution
		SolutionGuid = {E766EBF6-2FB9-4EA3-9B07-EB70047C71F5}
	EndGlobalSection
EndGlobal
